
Microsoft Visual Studio Solution File, Format Version 12.00
# Visual Studio 14
VisualStudioVersion = 14.0.25123.0
MinimumVisualStudioVersion = 10.0.40219.1
Project("{FAE04EC0-301F-11D3-BF4B-00C04F79EFBC}") = "Linear Equation", "Linear Equation\Linear Equation.csproj", "{44095612-27C3-4935-B057-8C934D3DB787}"
EndProject
Project("{FAE04EC0-301F-11D3-BF4B-00C04F79EFBC}") = "Runner", "Runner\Runner.csproj", "{537C9E16-873C-4BC5-985A-FDA41E2D7A00}"
EndProject
Project("{FAE04EC0-301F-11D3-BF4B-00C04F79EFBC}") = "Quadratic equation", "Quadratic equation\Quadratic equation.csproj", "{A2853250-57FE-496D-A507-52A2E0934D1A}"
EndProject
Project("{FAE04EC0-301F-11D3-BF4B-00C04F79EFBC}") = "Matrix", "Matrix\Matrix.csproj", "{6D7DC523-68BB-482B-9CC7-719773A705BB}"
EndProject
Global
	GlobalSection(SolutionConfigurationPlatforms) = preSolution
		Debug|Any CPU = Debug|Any CPU
		Release|Any CPU = Release|Any CPU
	EndGlobalSection
	GlobalSection(ProjectConfigurationPlatforms) = postSolution
		{44095612-27C3-4935-B057-8C934D3DB787}.Debug|Any CPU.ActiveCfg = Debug|Any CPU
		{44095612-27C3-4935-B057-8C934D3DB787}.Debug|Any CPU.Build.0 = Debug|Any CPU
		{44095612-27C3-4935-B057-8C934D3DB787}.Release|Any CPU.ActiveCfg = Release|Any CPU
		{44095612-27C3-4935-B057-8C934D3DB787}.Release|Any CPU.Build.0 = Release|Any CPU
		{537C9E16-873C-4BC5-985A-FDA41E2D7A00}.Debug|Any CPU.ActiveCfg = Debug|Any CPU
		{537C9E16-873C-4BC5-985A-FDA41E2D7A00}.Debug|Any CPU.Build.0 = Debug|Any CPU
		{537C9E16-873C-4BC5-985A-FDA41E2D7A00}.Release|Any CPU.ActiveCfg = Release|Any CPU
		{537C9E16-873C-4BC5-985A-FDA41E2D7A00}.Release|Any CPU.Build.0 = Release|Any CPU
		{A2853250-57FE-496D-A507-52A2E0934D1A}.Debug|Any CPU.ActiveCfg = Debug|Any CPU
		{A2853250-57FE-496D-A507-52A2E0934D1A}.Debug|Any CPU.Build.0 = Debug|Any CPU
		{A2853250-57FE-496D-A507-52A2E0934D1A}.Release|Any CPU.ActiveCfg = Release|Any CPU
		{A2853250-57FE-496D-A507-52A2E0934D1A}.Release|Any CPU.Build.0 = Release|Any CPU
		{6D7DC523-68BB-482B-9CC7-719773A705BB}.Debug|Any CPU.ActiveCfg = Debug|Any CPU
		{6D7DC523-68BB-482B-9CC7-719773A705BB}.Debug|Any CPU.Build.0 = Debug|Any CPU
		{6D7DC523-68BB-482B-9CC7-719773A705BB}.Release|Any CPU.ActiveCfg = Release|Any CPU
		{6D7DC523-68BB-482B-9CC7-719773A705BB}.Release|Any CPU.Build.0 = Release|Any CPU
	EndGlobalSection
	GlobalSection(SolutionProperties) = preSolution
		HideSolutionNode = FALSE
	EndGlobalSection
EndGlobal
